<?xml version="1.0" encoding="utf-8"?>
<Project ToolsVersion="4.0" xmlns="http://schemas.microsoft.com/developer/msbuild/2003">
  <ItemGroup>
    <Filter Include="Source Files">
      <UniqueIdentifier>{4FC737F1-C7A5-4376-A066-2A32D752A2FF}</UniqueIdentifier>
      <Extensions>cpp;c;cc;cxx;c++;cppm;ixx;def;odl;idl;hpj;bat;asm;asmx</Extensions>
    </Filter>
    <Filter Include="Header Files">
      <UniqueIdentifier>{93995380-89BD-4b04-88EB-625FBE52EBFB}</UniqueIdentifier>
      <Extensions>h;hh;hpp;hxx;h++;hm;inl;inc;ipp;xsd</Extensions>
    </Filter>
    <Filter Include="Resource Files">
      <UniqueIdentifier>{67DA6AB6-F800-4c08-8B7A-83BB121AAD01}</UniqueIdentifier>
      <Extensions>rc;ico;cur;bmp;dlg;rc2;rct;bin;rgs;gif;jpg;jpeg;jpe;resx;tiff;tif;png;wav;mfcribbon-ms</Extensions>
    </Filter>
    <Filter Include="controls">
      <UniqueIdentifier>{7f3696d6-716b-4792-a0d9-743c2b64267a}</UniqueIdentifier>
    </Filter>
    <Filter Include="injector">
      <UniqueIdentifier>{ce74c66a-ce7b-4c5f-ab68-ca4e07f2854c}</UniqueIdentifier>
    </Filter>
    <Filter Include="guiFunctions">
      <UniqueIdentifier>{8516f33c-03a4-4686-8de7-2603eb59c417}</UniqueIdentifier>
    </Filter>
    <Filter Include="encoding">
      <UniqueIdentifier>{b1900738-d48d-450a-9e00-208c45887df5}</UniqueIdentifier>
    </Filter>
  </ItemGroup>
  <ItemGroup>
    <ClCompile Include="GUI.cpp">
      <Filter>Source Files</Filter>
    </ClCompile>
    <ClCompile Include="injector.cpp">
      <Filter>injector</Filter>
    </ClCompile>
    <ClCompile Include="controls.cpp">
      <Filter>controls</Filter>
    </ClCompile>
    <ClCompile Include="guiFunctions.cpp">
      <Filter>guiFunctions</Filter>
    </ClCompile>
    <ClCompile Include="encoding.cpp">
      <Filter>encoding</Filter>
    </ClCompile>
    <ClCompile Include="guiHelper.cpp">
      <Filter>Source Files</Filter>
    </ClCompile>
  </ItemGroup>
  <ItemGroup>
    <ClInclude Include="GUI.h">
      <Filter>Source Files</Filter>
    </ClInclude>
    <ClInclude Include="controls.h">
      <Filter>controls</Filter>
    </ClInclude>
    <ClInclude Include="injector.h">
      <Filter>injector</Filter>
    </ClInclude>
    <ClInclude Include="guiFunctions.h">
      <Filter>guiFunctions</Filter>
    </ClInclude>
    <ClInclude Include="encoding.h">
      <Filter>encoding</Filter>
    </ClInclude>
    <ClInclude Include="guiHelper.h">
      <Filter>Source Files</Filter>
    </ClInclude>
  </ItemGroup>
  <ItemGroup>
    <None Include="encoding.tpp">
      <Filter>encoding</Filter>
    </None>
  </ItemGroup>
</Project>